
Microsoft Visual Studio Solution File, Format Version 12.00
# Visual Studio Version 17
VisualStudioVersion = 17.11.35312.102
MinimumVisualStudioVersion = 10.0.40219.1
Project("{FAE04EC0-301F-11D3-BF4B-00C04F79EFBC}") = "MauiApp2", "MauiApp2.csproj", "{602E6219-78AC-4E8C-AB35-B743900A8DCF}"
EndProject
Global
	GlobalSection(SolutionConfigurationPlatforms) = preSolution
		Debug|Any CPU = Debug|Any CPU
		Release|Any CPU = Release|Any CPU
	EndGlobalSection
	GlobalSection(ProjectConfigurationPlatforms) = postSolution
		{602E6219-78AC-4E8C-AB35-B743900A8DCF}.Debug|Any CPU.ActiveCfg = Debug|Any CPU
		{602E6219-78AC-4E8C-AB35-B743900A8DCF}.Debug|Any CPU.Build.0 = Debug|Any CPU
		{602E6219-78AC-4E8C-AB35-B743900A8DCF}.Debug|Any CPU.Deploy.0 = Debug|Any CPU
		{602E6219-78AC-4E8C-AB35-B743900A8DCF}.Release|Any CPU.ActiveCfg = Release|Any CPU
		{602E6219-78AC-4E8C-AB35-B743900A8DCF}.Release|Any CPU.Build.0 = Release|Any CPU
		{602E6219-78AC-4E8C-AB35-B743900A8DCF}.Release|Any CPU.Deploy.0 = Release|Any CPU
	EndGlobalSection
	GlobalSection(SolutionProperties) = preSolution
		HideSolutionNode = FALSE
	EndGlobalSection
	GlobalSection(ExtensibilityGlobals) = postSolution
		SolutionGuid = {E0033CBD-D475-41F3-9260-DF42AC00B9D1}
	EndGlobalSection
EndGlobal
